# This file is autogenerated, do not edit; changes may be undone by the next 'dep ensure'.


[[projects]]
  digest = "1:2be791e7b333ff7c06f8fb3dc18a7d70580e9399dbdffd352621d067ff260b6e"
  name = "github.com/Microsoft/go-winio"
  packages = ["."]
  pruneopts = "NUT"
  revision = "1a8911d1ed007260465c3bfbbc785ac6915a0bb8"
  version = "v0.4.12"

[[projects]]
  branch = "master"
  digest = "1:fb0dc5cd072a4871a6be75dbe13925330d13a77f58e4fcdc50b7d60b89f57aa1"
  name = "github.com/acarl005/stripansi"
  packages = ["."]
  pruneopts = "NUT"
  revision = "5a71ef0e047df0427e87a79f27009029921f1f9b"

[[projects]]
  branch = "master"
  digest = "1:cd7ba2b29e93e2a8384e813dfc80ebb0f85d9214762e6ca89bb55a58092eab87"
  name = "github.com/cloudfoundry/jibber_jabber"
  packages = ["."]
  pruneopts = "NUT"
  revision = "bcc4c8345a21301bf47c032ff42dd1aae2fe3027"

[[projects]]
  digest = "1:a2c1d0e43bd3baaa071d1b9ed72c27d78169b2b269f71c105ac4ba34b1be4a39"
  name = "github.com/davecgh/go-spew"
  packages = ["spew"]
  pruneopts = "NUT"
  revision = "346938d642f2ec3594ed81d874461961cd0faa76"
  version = "v1.1.0"

[[projects]]
  digest = "1:4ddc17aeaa82cb18c5f0a25d7c253a10682f518f4b2558a82869506eec223d76"
  name = "github.com/docker/distribution"
  packages = [
    "digestset",
    "reference",
  ]
  pruneopts = "NUT"
  revision = "2461543d988979529609e8cb6fca9ca190dc48da"
  version = "v2.7.1"

[[projects]]
  digest = "1:b68599a3121a71063743f22a860c840e13eb3ba7a8dffdb57edb0507b19f5fbe"
  name = "github.com/docker/docker"
  packages = [
    "api/types",
    "api/types/blkiodev",
    "api/types/container",
    "api/types/events",
    "api/types/filters",
    "api/types/mount",
    "api/types/network",
    "api/types/reference",
    "api/types/registry",
    "api/types/strslice",
    "api/types/swarm",
    "api/types/time",
    "api/types/versions",
    "api/types/volume",
    "client",
    "pkg/tlsconfig",
  ]
  pruneopts = "NUT"
  revision = "092cba3727bb9b4a2f0e922cd6c0f93ea270e363"
  version = "v1.13.1"

[[projects]]
  digest = "1:2a47f7eb1a2c30428d1ee6808cb66d4deb17e68a3e55d696f03c8068552ba5e8"
  name = "github.com/docker/go-connections"
  packages = [
    "nat",
    "sockets",
    "tlsconfig",
  ]
  pruneopts = "NUT"
  revision = "7395e3f8aa162843a74ed6d48e79627d9792ac55"
  version = "v0.4.0"

[[projects]]
  digest = "1:97176fe8a268479a527d08df458c269dc27abf59c1643807d4e36398cbd9ef2d"
  name = "github.com/docker/go-units"
  packages = ["."]
  pruneopts = "NUT"
  revision = "519db1ee28dcc9fd2474ae59fca29a810482bfb1"
  version = "v0.4.0"

[[projects]]
  digest = "1:ade392a843b2035effb4b4a2efa2c3bab3eb29b992e98bacf9c898b0ecb54e45"
  name = "github.com/fatih/color"
  packages = ["."]
  pruneopts = "NUT"
  revision = "5b77d2a35fb0ede96d138fc9a99f5c9b6aef11b4"
  version = "v1.7.0"

[[projects]]
  digest = "1:ea1d5bfdb4ec5c2ee48c97865e6de1a28fa8c4849a3f56b27d521aa619038e06"
  name = "github.com/go-errors/errors"
  packages = ["."]
  pruneopts = "NUT"
  revision = "a6af135bd4e28680facf08a3d206b454abc877a4"
  version = "v1.0.1"

[[projects]]
  digest = "1:aaa38889f11896ee3644d77e17dc7764cc47f5f3d3b488268df2af2b52541c5f"
  name = "github.com/imdario/mergo"
  packages = ["."]
  pruneopts = "NUT"
  revision = "7c29201646fa3de8506f701213473dd407f19646"
  version = "v0.3.7"

[[projects]]
  branch = "master"
  digest = "1:7b2ab5c6de135d57d3a594b53068e2712da4d376b2f78097dec7b46d18deaa78"
  name = "github.com/jesseduffield/asciigraph"
  packages = ["."]
  pruneopts = "NUT"
  revision = "6d88e39309eef29cc5c2ab279ec600465827cbac"

[[projects]]
  branch = "master"
  digest = "1:f38f5b4c589578819e4316ece29b7e3516907f2662c68ab92442c5fcc6b41781"
  name = "github.com/jesseduffield/gocui"
  packages = ["."]
  pruneopts = "NUT"
  revision = "117e4fb79d29e3908cb7a7bed5e991a321fde7fd"

[[projects]]
  branch = "master"
  digest = "1:a46c2f4863e5284ddb255c28750298e04bc8c0fc896bed6056e947673168b7be"
  name = "github.com/jesseduffield/pty"
  packages = ["."]
  pruneopts = "NUT"
  revision = "02db52c7e406c7abec44c717a173c7715e4c1b62"

[[projects]]
  branch = "master"
  digest = "1:7429d1589cc1454e9e97ba48cb7c5025a085b32eae4d3163c517e3e5d6c7a7a0"
  name = "github.com/jesseduffield/roll"
  packages = ["."]
  pruneopts = "NUT"
  revision = "695be2e62b007ecef6644383f0ee9504c1f5cbb9"

[[projects]]
  branch = "master"
  digest = "1:ec8982ff49a9ebdd7d7dfe320258ad19a07baafb5eeba7f41b31ee2072d1bba9"
  name = "github.com/jesseduffield/rollrus"
  packages = ["."]
  pruneopts = "NUT"
  revision = "7086c0b1b1bd21ef1f502e914ff2505a68c7d638"

[[projects]]
  branch = "master"
  digest = "1:7c71e4035e802da25ad590ae5f1cb0e931b2b4806aa0b5539d53c02a1cf6a64d"
  name = "github.com/jesseduffield/termbox-go"
  packages = ["."]
  pruneopts = "NUT"
  revision = "9dd53af7214ead48bbe380cdf8a3229ec43eeb58"

[[projects]]
  branch = "v2"
  digest = "1:39964c6cc97fae9e81e3f87ffdcacac8e8a8dfb44be532bb9909ff558e8914e5"
  name = "github.com/jesseduffield/yaml"
  packages = ["."]
  pruneopts = "NUT"
  revision = "9e6ca978307a1aeaf98218b1880a441af4a57294"

[[projects]]
  digest = "1:08c231ec84231a7e23d67e4b58f975e1423695a32467a362ee55a803f9de8061"
  name = "github.com/mattn/go-colorable"
  packages = ["."]
  pruneopts = "NUT"
  revision = "167de6bfdfba052fa6b2d3664c8f5272e23c9072"
  version = "v0.0.9"

[[projects]]
  digest = "1:bc4f7eec3b7be8c6cb1f0af6c1e3333d5bb71072951aaaae2f05067b0803f287"
  name = "github.com/mattn/go-isatty"
  packages = ["."]
  pruneopts = "NUT"
  revision = "0360b2af4f38e8d38c7fce2a9f4e702702d73a39"
  version = "v0.0.3"

[[projects]]
  digest = "1:cb591533458f6eb6e2c1065ff3eac6b50263d7847deb23fc9f79b25bc608970e"
  name = "github.com/mattn/go-runewidth"
  packages = ["."]
  pruneopts = "NUT"
  revision = "9e777a8366cce605130a531d2cd6363d07ad7317"
  version = "v0.0.2"

[[projects]]
  branch = "master"
  digest = "1:e1ca43ca8774cfff2a43265116b8ccc8221fcb994843a1124071d65dab1507e9"
  name = "github.com/mcuadros/go-lookup"
  packages = ["."]
  pruneopts = "NUT"
  revision = "5650f26be7675b629fff8356a50d906fa03e9c8b"

[[projects]]
  digest = "1:a25c9a6b41e100f4ce164db80260f2b687095ba9d8b46a1d6072d3686cc020db"
  name = "github.com/mgutz/str"
  packages = ["."]
  pruneopts = "NUT"
  revision = "968bf66e3da857419e4f6e71b2d5c9ae95682dc4"
  version = "v1.2.0"

[[projects]]
  digest = "1:e0cc8395ea893c898ff5eb0850f4d9851c1f57c78c232304a026379a47a552d0"
  name = "github.com/opencontainers/go-digest"
  packages = ["."]
  pruneopts = "NUT"
  revision = "279bed98673dd5bef374d3b6e4b09e2af76183bf"
  version = "v1.0.0-rc1"

[[projects]]
  digest = "1:5cf3f025cbee5951a4ee961de067c8a89fc95a5adabead774f82822efabab121"
  name = "github.com/pkg/errors"
  packages = ["."]
  pruneopts = "NUT"
  revision = "645ef00459ed84a119197bfb8d8205042c6df63d"
  version = "v0.8.0"

[[projects]]
  digest = "1:0028cb19b2e4c3112225cd871870f2d9cf49b9b4276531f03438a88e94be86fe"
  name = "github.com/pmezard/go-difflib"
  packages = ["difflib"]
  pruneopts = "NUT"
  revision = "792786c7400a136282c1664665ae0a8db921c6c2"
  version = "v1.0.0"

[[projects]]
  digest = "1:41618aee8828e62dfe62d44f579c06892d0e98907d1c6d5bcd83bfe8536ec5a3"
  name = "github.com/shibukawa/configdir"
  packages = ["."]
  pruneopts = "NUT"
  revision = "e180dbdc8da04c4fa04272e875ce64949f38bd3e"

[[projects]]
  digest = "1:b2339e83ce9b5c4f79405f949429a7f68a9a904fed903c672aac1e7ceb7f5f02"
  name = "github.com/sirupsen/logrus"
  packages = ["."]
  pruneopts = "NUT"
  revision = "3e01752db0189b9157070a0e1668a620f9a85da2"
  version = "v1.0.6"

[[projects]]
  branch = "master"
  digest = "1:0e9a5ac14bcc11f205031a671b28c7e05cb88b2ebbe06f383c1ab0b2c12c7cb5"
  name = "github.com/spkg/bom"
  packages = ["."]
  pruneopts = "NUT"
  revision = "59b7046e48ad6bac800c5e1dd5142282cbfcf154"

[[projects]]
  digest = "1:bacb8b590716ab7c33f2277240972c9582d389593ee8d66fc10074e0508b8126"
  name = "github.com/stretchr/testify"
  packages = ["assert"]
  pruneopts = "NUT"
  revision = "f35b8ab0b5a2cef36673838d662e249dd9c94686"
  version = "v1.2.2"

[[projects]]
  digest = "1:cd5ffc5bda4e0296ab3e4de90dbb415259c78e45e7fab13694b14cde8ab74541"
  name = "github.com/tcnksm/go-gitconfig"
  packages = ["."]
  pruneopts = "NUT"
  revision = "d154598bacbf4501c095a309753c5d4af66caa81"
  version = "v0.1.2"

[[projects]]
  branch = "master"
  digest = "1:3f3a05ae0b95893d90b9b3b5afdb79a9b3d96e4e36e099d841ae602e4aca0da8"
  name = "golang.org/x/crypto"
  packages = ["ssh/terminal"]
  pruneopts = "NUT"
  revision = "de0752318171da717af4ce24d0a2e8626afaeb11"

[[projects]]
  branch = "master"
  digest = "1:58cb5fbdf85e1f468c749aa31773ff102866831106f52762b2823ae235ca11e7"
  name = "golang.org/x/net"
  packages = [
    "context",
    "context/ctxhttp",
    "internal/socks",
    "proxy",
  ]
  pruneopts = "NUT"
  revision = "c39426892332e1bb5ec0a434a079bf82f5d30c54"

[[projects]]
  branch = "master"
  digest = "1:ec76a40fbfda0c329ee58f4e3b14b4279a939efce89eca020e934e2e5234eddd"
  name = "golang.org/x/sys"
  packages = [
    "unix",
    "windows",
  ]
  pruneopts = "NUT"
  revision = "98c5dad5d1a0e8a73845ecc8897d0bd56586511d"

[[projects]]
  branch = "master"
  digest = "1:16abb29c003995f7c4fdec9c19cca4f9867e271d3c6b93ed85f9cce257f7bce7"
  name = "golang.org/x/xerrors"
  packages = [
    ".",
    "internal",
  ]
  pruneopts = "NUT"
  revision = "3ee3066db522c6628d440a3a91c4abdd7f5ef22f"

[solve-meta]
  analyzer-name = "dep"
  analyzer-version = 1
  input-imports = [
    "github.com/acarl005/stripansi",
    "github.com/cloudfoundry/jibber_jabber",
    "github.com/docker/docker/api/types",
    "github.com/docker/docker/api/types/filters",
    "github.com/docker/docker/client",
    "github.com/fatih/color",
    "github.com/go-errors/errors",
    "github.com/imdario/mergo",
    "github.com/jesseduffield/asciigraph",
    "github.com/jesseduffield/gocui",
    "github.com/jesseduffield/pty",
    "github.com/jesseduffield/rollrus",
    "github.com/jesseduffield/yaml",
    "github.com/mcuadros/go-lookup",
    "github.com/mgutz/str",
    "github.com/shibukawa/configdir",
    "github.com/sirupsen/logrus",
    "github.com/spkg/bom",
    "github.com/stretchr/testify/assert",
    "github.com/tcnksm/go-gitconfig",
    "golang.org/x/xerrors",
  ]
  solver-name = "gps-cdcl"
  solver-version = 1
